// !$*UTF8*$!
{
	archiveVersion = 1;
	classes = {
	};
	objectVersion = 56;
	objects = {

/* Begin PBXBuildFile section */
		ACDC1F252C722DA8001E69C4 /* LhamaFoodApp.swift in Sources */ = {isa = PBXBuildFile; fileRef = ACDC1F242C722DA8001E69C4 /* LhamaFoodApp.swift */; };
		ACDC1F272C722DA8001E69C4 /* FoodTabView.swift in Sources */ = {isa = PBXBuildFile; fileRef = ACDC1F262C722DA8001E69C4 /* FoodTabView.swift */; };
		ACDC1F292C722DA9001E69C4 /* Assets.xcassets in Resources */ = {isa = PBXBuildFile; fileRef = ACDC1F282C722DA9001E69C4 /* Assets.xcassets */; };
		ACDC1F2C2C722DA9001E69C4 /* Preview Assets.xcassets in Resources */ = {isa = PBXBuildFile; fileRef = ACDC1F2B2C722DA9001E69C4 /* Preview Assets.xcassets */; };
		ACDC1F332C722F49001E69C4 /* FoodListView.swift in Sources */ = {isa = PBXBuildFile; fileRef = ACDC1F322C722F49001E69C4 /* FoodListView.swift */; };
		ACDC1F352C722F5C001E69C4 /* AccountView.swift in Sources */ = {isa = PBXBuildFile; fileRef = ACDC1F342C722F5C001E69C4 /* AccountView.swift */; };
		ACDC1F372C722F6B001E69C4 /* OrderView.swift in Sources */ = {isa = PBXBuildFile; fileRef = ACDC1F362C722F6B001E69C4 /* OrderView.swift */; };
		ACDC1F392C7251BC001E69C4 /* Food.swift in Sources */ = {isa = PBXBuildFile; fileRef = ACDC1F382C7251BC001E69C4 /* Food.swift */; };
		ACDC1F3B2C72732B001E69C4 /* FoodListItem.swift in Sources */ = {isa = PBXBuildFile; fileRef = ACDC1F3A2C72732B001E69C4 /* FoodListItem.swift */; };
		ACDC1F3D2C727476001E69C4 /* NetworkManager.swift in Sources */ = {isa = PBXBuildFile; fileRef = ACDC1F3C2C727476001E69C4 /* NetworkManager.swift */; };
		ACDC1F3F2C727670001E69C4 /* LhamaError.swift in Sources */ = {isa = PBXBuildFile; fileRef = ACDC1F3E2C727670001E69C4 /* LhamaError.swift */; };
		ACDC1F412C727FDC001E69C4 /* FoodListViewModel.swift in Sources */ = {isa = PBXBuildFile; fileRef = ACDC1F402C727FDC001E69C4 /* FoodListViewModel.swift */; };
		ACDC1F432C72826F001E69C4 /* Alert.swift in Sources */ = {isa = PBXBuildFile; fileRef = ACDC1F422C72826F001E69C4 /* Alert.swift */; };
		ACDC1F462C728D42001E69C4 /* Shimmer in Frameworks */ = {isa = PBXBuildFile; productRef = ACDC1F452C728D42001E69C4 /* Shimmer */; };
		ACDC1F4F2C72A187001E69C4 /* FoodDetails.swift in Sources */ = {isa = PBXBuildFile; fileRef = ACDC1F4E2C72A187001E69C4 /* FoodDetails.swift */; };
/* End PBXBuildFile section */

/* Begin PBXFileReference section */
		ACDC1F212C722DA8001E69C4 /* LhamaFood.app */ = {isa = PBXFileReference; explicitFileType = wrapper.application; includeInIndex = 0; path = LhamaFood.app; sourceTree = BUILT_PRODUCTS_DIR; };
		ACDC1F242C722DA8001E69C4 /* LhamaFoodApp.swift */ = {isa = PBXFileReference; lastKnownFileType = sourcecode.swift; path = LhamaFoodApp.swift; sourceTree = "<group>"; };
		ACDC1F262C722DA8001E69C4 /* FoodTabView.swift */ = {isa = PBXFileReference; lastKnownFileType = sourcecode.swift; path = FoodTabView.swift; sourceTree = "<group>"; };
		ACDC1F282C722DA9001E69C4 /* Assets.xcassets */ = {isa = PBXFileReference; lastKnownFileType = folder.assetcatalog; path = Assets.xcassets; sourceTree = "<group>"; };
		ACDC1F2B2C722DA9001E69C4 /* Preview Assets.xcassets */ = {isa = PBXFileReference; lastKnownFileType = folder.assetcatalog; path = "Preview Assets.xcassets"; sourceTree = "<group>"; };
		ACDC1F322C722F49001E69C4 /* FoodListView.swift */ = {isa = PBXFileReference; lastKnownFileType = sourcecode.swift; path = FoodListView.swift; sourceTree = "<group>"; };
		ACDC1F342C722F5C001E69C4 /* AccountView.swift */ = {isa = PBXFileReference; lastKnownFileType = sourcecode.swift; path = AccountView.swift; sourceTree = "<group>"; };
		ACDC1F362C722F6B001E69C4 /* OrderView.swift */ = {isa = PBXFileReference; lastKnownFileType = sourcecode.swift; path = OrderView.swift; sourceTree = "<group>"; };
		ACDC1F382C7251BC001E69C4 /* Food.swift */ = {isa = PBXFileReference; lastKnownFileType = sourcecode.swift; path = Food.swift; sourceTree = "<group>"; };
		ACDC1F3A2C72732B001E69C4 /* FoodListItem.swift */ = {isa = PBXFileReference; lastKnownFileType = sourcecode.swift; path = FoodListItem.swift; sourceTree = "<group>"; };
		ACDC1F3C2C727476001E69C4 /* NetworkManager.swift */ = {isa = PBXFileReference; lastKnownFileType = sourcecode.swift; path = NetworkManager.swift; sourceTree = "<group>"; };
		ACDC1F3E2C727670001E69C4 /* LhamaError.swift */ = {isa = PBXFileReference; lastKnownFileType = sourcecode.swift; path = LhamaError.swift; sourceTree = "<group>"; };
		ACDC1F402C727FDC001E69C4 /* FoodListViewModel.swift */ = {isa = PBXFileReference; lastKnownFileType = sourcecode.swift; path = FoodListViewModel.swift; sourceTree = "<group>"; };
		ACDC1F422C72826F001E69C4 /* Alert.swift */ = {isa = PBXFileReference; lastKnownFileType = sourcecode.swift; path = Alert.swift; sourceTree = "<group>"; };
		ACDC1F4E2C72A187001E69C4 /* FoodDetails.swift */ = {isa = PBXFileReference; lastKnownFileType = sourcecode.swift; path = FoodDetails.swift; sourceTree = "<group>"; };
/* End PBXFileReference section */

/* Begin PBXFrameworksBuildPhase section */
		ACDC1F1E2C722DA8001E69C4 /* Frameworks */ = {
			isa = PBXFrameworksBuildPhase;
			buildActionMask = 2147483647;
			files = (
				ACDC1F462C728D42001E69C4 /* Shimmer in Frameworks */,
			);
			runOnlyForDeploymentPostprocessing = 0;
		};
/* End PBXFrameworksBuildPhase section */

/* Begin PBXGroup section */
		ACDC1F182C722DA8001E69C4 = {
			isa = PBXGroup;
			children = (
				ACDC1F232C722DA8001E69C4 /* LhamaFood */,
				ACDC1F222C722DA8001E69C4 /* Products */,
			);
			sourceTree = "<group>";
		};
		ACDC1F222C722DA8001E69C4 /* Products */ = {
			isa = PBXGroup;
			children = (
				ACDC1F212C722DA8001E69C4 /* LhamaFood.app */,
			);
			name = Products;
			sourceTree = "<group>";
		};
		ACDC1F232C722DA8001E69C4 /* LhamaFood */ = {
			isa = PBXGroup;
			children = (
				ACDC1F4D2C729F78001E69C4 /* Cells */,
				ACDC1F4C2C729F62001E69C4 /* Utils */,
				ACDC1F4B2C729F21001E69C4 /* Model */,
				ACDC1F472C729EDA001E69C4 /* Screens */,
				ACDC1F242C722DA8001E69C4 /* LhamaFoodApp.swift */,
				ACDC1F282C722DA9001E69C4 /* Assets.xcassets */,
				ACDC1F2A2C722DA9001E69C4 /* Preview Content */,
			);
			path = LhamaFood;
			sourceTree = "<group>";
		};
		ACDC1F2A2C722DA9001E69C4 /* Preview Content */ = {
			isa = PBXGroup;
			children = (
				ACDC1F2B2C722DA9001E69C4 /* Preview Assets.xcassets */,
			);
			path = "Preview Content";
			sourceTree = "<group>";
		};
		ACDC1F472C729EDA001E69C4 /* Screens */ = {
			isa = PBXGroup;
			children = (
				ACDC1F4A2C729F01001E69C4 /* Foods */,
				ACDC1F492C729EFB001E69C4 /* Order */,
				ACDC1F482C729EF0001E69C4 /* Account */,
				ACDC1F262C722DA8001E69C4 /* FoodTabView.swift */,
			);
			path = Screens;
			sourceTree = "<group>";
		};
		ACDC1F482C729EF0001E69C4 /* Account */ = {
			isa = PBXGroup;
			children = (
				ACDC1F342C722F5C001E69C4 /* AccountView.swift */,
			);
			path = Account;
			sourceTree = "<group>";
		};
		ACDC1F492C729EFB001E69C4 /* Order */ = {
			isa = PBXGroup;
			children = (
				ACDC1F362C722F6B001E69C4 /* OrderView.swift */,
			);
			path = Order;
			sourceTree = "<group>";
		};
		ACDC1F4A2C729F01001E69C4 /* Foods */ = {
			isa = PBXGroup;
			children = (
				ACDC1F322C722F49001E69C4 /* FoodListView.swift */,
				ACDC1F402C727FDC001E69C4 /* FoodListViewModel.swift */,
			);
			path = Foods;
			sourceTree = "<group>";
		};
		ACDC1F4B2C729F21001E69C4 /* Model */ = {
			isa = PBXGroup;
			children = (
				ACDC1F382C7251BC001E69C4 /* Food.swift */,
			);
			path = Model;
			sourceTree = "<group>";
		};
		ACDC1F4C2C729F62001E69C4 /* Utils */ = {
			isa = PBXGroup;
			children = (
				ACDC1F3C2C727476001E69C4 /* NetworkManager.swift */,
				ACDC1F422C72826F001E69C4 /* Alert.swift */,
				ACDC1F3E2C727670001E69C4 /* LhamaError.swift */,
			);
			path = Utils;
			sourceTree = "<group>";
		};
		ACDC1F4D2C729F78001E69C4 /* Cells */ = {
			isa = PBXGroup;
			children = (
				ACDC1F3A2C72732B001E69C4 /* FoodListItem.swift */,
				ACDC1F4E2C72A187001E69C4 /* FoodDetails.swift */,
			);
			path = Cells;
			sourceTree = "<group>";
		};
/* End PBXGroup section */

/* Begin PBXNativeTarget section */
		ACDC1F202C722DA8001E69C4 /* LhamaFood */ = {
			isa = PBXNativeTarget;
			buildConfigurationList = ACDC1F2F2C722DA9001E69C4 /* Build configuration list for PBXNativeTarget "LhamaFood" */;
			buildPhases = (
				ACDC1F1D2C722DA8001E69C4 /* Sources */,
				ACDC1F1E2C722DA8001E69C4 /* Frameworks */,
				ACDC1F1F2C722DA8001E69C4 /* Resources */,
			);
			buildRules = (
			);
			dependencies = (
			);
			name = LhamaFood;
			packageProductDependencies = (
				ACDC1F452C728D42001E69C4 /* Shimmer */,
			);
			productName = LhamaFood;
			productReference = ACDC1F212C722DA8001E69C4 /* LhamaFood.app */;
			productType = "com.apple.product-type.application";
		};
/* End PBXNativeTarget section */

/* Begin PBXProject section */
		ACDC1F192C722DA8001E69C4 /* Project object */ = {
			isa = PBXProject;
			attributes = {
				BuildIndependentTargetsInParallel = 1;
				LastSwiftUpdateCheck = 1540;
				LastUpgradeCheck = 1540;
				TargetAttributes = {
					ACDC1F202C722DA8001E69C4 = {
						CreatedOnToolsVersion = 15.4;
					};
				};
			};
			buildConfigurationList = ACDC1F1C2C722DA8001E69C4 /* Build configuration list for PBXProject "LhamaFood" */;
			compatibilityVersion = "Xcode 14.0";
			developmentRegion = en;
			hasScannedForEncodings = 0;
			knownRegions = (
				en,
				Base,
			);
			mainGroup = ACDC1F182C722DA8001E69C4;
			packageReferences = (
				ACDC1F442C728D42001E69C4 /* XCRemoteSwiftPackageReference "SwiftUI-Shimmer" */,
			);
			productRefGroup = ACDC1F222C722DA8001E69C4 /* Products */;
			projectDirPath = "";
			projectRoot = "";
			targets = (
				ACDC1F202C722DA8001E69C4 /* LhamaFood */,
			);
		};
/* End PBXProject section */

/* Begin PBXResourcesBuildPhase section */
		ACDC1F1F2C722DA8001E69C4 /* Resources */ = {
			isa = PBXResourcesBuildPhase;
			buildActionMask = 2147483647;
			files = (
				ACDC1F2C2C722DA9001E69C4 /* Preview Assets.xcassets in Resources */,
				ACDC1F292C722DA9001E69C4 /* Assets.xcassets in Resources */,
			);
			runOnlyForDeploymentPostprocessing = 0;
		};
/* End PBXResourcesBuildPhase section */

/* Begin PBXSourcesBuildPhase section */
		ACDC1F1D2C722DA8001E69C4 /* Sources */ = {
			isa = PBXSourcesBuildPhase;
			buildActionMask = 2147483647;
			files = (
				ACDC1F352C722F5C001E69C4 /* AccountView.swift in Sources */,
				ACDC1F332C722F49001E69C4 /* FoodListView.swift in Sources */,
				ACDC1F412C727FDC001E69C4 /* FoodListViewModel.swift in Sources */,
				ACDC1F3B2C72732B001E69C4 /* FoodListItem.swift in Sources */,
				ACDC1F272C722DA8001E69C4 /* FoodTabView.swift in Sources */,
				ACDC1F3D2C727476001E69C4 /* NetworkManager.swift in Sources */,
				ACDC1F4F2C72A187001E69C4 /* FoodDetails.swift in Sources */,
				ACDC1F252C722DA8001E69C4 /* LhamaFoodApp.swift in Sources */,
				ACDC1F372C722F6B001E69C4 /* OrderView.swift in Sources */,
				ACDC1F432C72826F001E69C4 /* Alert.swift in Sources */,
				ACDC1F3F2C727670001E69C4 /* LhamaError.swift in Sources */,
				ACDC1F392C7251BC001E69C4 /* Food.swift in Sources */,
			);
			runOnlyForDeploymentPostprocessing = 0;
		};
/* End PBXSourcesBuildPhase section */

/* Begin XCBuildConfiguration section */
		ACDC1F2D2C722DA9001E69C4 /* Debug */ = {
			isa = XCBuildConfiguration;
			buildSettings = {
				ALWAYS_SEARCH_USER_PATHS = NO;
				ASSETCATALOG_COMPILER_GENERATE_SWIFT_ASSET_SYMBOL_EXTENSIONS = YES;
				CLANG_ANALYZER_NONNULL = YES;
				CLANG_ANALYZER_NUMBER_OBJECT_CONVERSION = YES_AGGRESSIVE;
				CLANG_CXX_LANGUAGE_STANDARD = "gnu++20";
				CLANG_ENABLE_MODULES = YES;
				CLANG_ENABLE_OBJC_ARC = YES;
				CLANG_ENABLE_OBJC_WEAK = YES;
				CLANG_WARN_BLOCK_CAPTURE_AUTORELEASING = YES;
				CLANG_WARN_BOOL_CONVERSION = YES;
				CLANG_WARN_COMMA = YES;
				CLANG_WARN_CONSTANT_CONVERSION = YES;
				CLANG_WARN_DEPRECATED_OBJC_IMPLEMENTATIONS = YES;
				CLANG_WARN_DIRECT_OBJC_ISA_USAGE = YES_ERROR;
				CLANG_WARN_DOCUMENTATION_COMMENTS = YES;
				CLANG_WARN_EMPTY_BODY = YES;
				CLANG_WARN_ENUM_CONVERSION = YES;
				CLANG_WARN_INFINITE_RECURSION = YES;
				CLANG_WARN_INT_CONVERSION = YES;
				CLANG_WARN_NON_LITERAL_NULL_CONVERSION = YES;
				CLANG_WARN_OBJC_IMPLICIT_RETAIN_SELF = YES;
				CLANG_WARN_OBJC_LITERAL_CONVERSION = YES;
				CLANG_WARN_OBJC_ROOT_CLASS = YES_ERROR;
				CLANG_WARN_QUOTED_INCLUDE_IN_FRAMEWORK_HEADER = YES;
				CLANG_WARN_RANGE_LOOP_ANALYSIS = YES;
				CLANG_WARN_STRICT_PROTOTYPES = YES;
				CLANG_WARN_SUSPICIOUS_MOVE = YES;
				CLANG_WARN_UNGUARDED_AVAILABILITY = YES_AGGRESSIVE;
				CLANG_WARN_UNREACHABLE_CODE = YES;
				CLANG_WARN__DUPLICATE_METHOD_MATCH = YES;
				COPY_PHASE_STRIP = NO;
				DEBUG_INFORMATION_FORMAT = dwarf;
				ENABLE_STRICT_OBJC_MSGSEND = YES;
				ENABLE_TESTABILITY = YES;
				ENABLE_USER_SCRIPT_SANDBOXING = YES;
				GCC_C_LANGUAGE_STANDARD = gnu17;
				GCC_DYNAMIC_NO_PIC = NO;
				GCC_NO_COMMON_BLOCKS = YES;
				GCC_OPTIMIZATION_LEVEL = 0;
				GCC_PREPROCESSOR_DEFINITIONS = (
					"DEBUG=1",
					"$(inherited)",
				);
				GCC_WARN_64_TO_32_BIT_CONVERSION = YES;
				GCC_WARN_ABOUT_RETURN_TYPE = YES_ERROR;
				GCC_WARN_UNDECLARED_SELECTOR = YES;
				GCC_WARN_UNINITIALIZED_AUTOS = YES_AGGRESSIVE;
				GCC_WARN_UNUSED_FUNCTION = YES;
				GCC_WARN_UNUSED_VARIABLE = YES;
				IPHONEOS_DEPLOYMENT_TARGET = 17.5;
				LOCALIZATION_PREFERS_STRING_CATALOGS = YES;
				MTL_ENABLE_DEBUG_INFO = INCLUDE_SOURCE;
				MTL_FAST_MATH = YES;
				ONLY_ACTIVE_ARCH = YES;
				SDKROOT = iphoneos;
				SWIFT_ACTIVE_COMPILATION_CONDITIONS = "DEBUG $(inherited)";
				SWIFT_OPTIMIZATION_LEVEL = "-Onone";
			};
			name = Debug;
		};
		ACDC1F2E2C722DA9001E69C4 /* Release */ = {
			isa = XCBuildConfiguration;
			buildSettings = {
				ALWAYS_SEARCH_USER_PATHS = NO;
				ASSETCATALOG_COMPILER_GENERATE_SWIFT_ASSET_SYMBOL_EXTENSIONS = YES;
				CLANG_ANALYZER_NONNULL = YES;
				CLANG_ANALYZER_NUMBER_OBJECT_CONVERSION = YES_AGGRESSIVE;
				CLANG_CXX_LANGUAGE_STANDARD = "gnu++20";
				CLANG_ENABLE_MODULES = YES;
				CLANG_ENABLE_OBJC_ARC = YES;
				CLANG_ENABLE_OBJC_WEAK = YES;
				CLANG_WARN_BLOCK_CAPTURE_AUTORELEASING = YES;
				CLANG_WARN_BOOL_CONVERSION = YES;
				CLANG_WARN_COMMA = YES;
				CLANG_WARN_CONSTANT_CONVERSION = YES;
				CLANG_WARN_DEPRECATED_OBJC_IMPLEMENTATIONS = YES;
				CLANG_WARN_DIRECT_OBJC_ISA_USAGE = YES_ERROR;
				CLANG_WARN_DOCUMENTATION_COMMENTS = YES;
				CLANG_WARN_EMPTY_BODY = YES;
				CLANG_WARN_ENUM_CONVERSION = YES;
				CLANG_WARN_INFINITE_RECURSION = YES;
				CLANG_WARN_INT_CONVERSION = YES;
				CLANG_WARN_NON_LITERAL_NULL_CONVERSION = YES;
				CLANG_WARN_OBJC_IMPLICIT_RETAIN_SELF = YES;
				CLANG_WARN_OBJC_LITERAL_CONVERSION = YES;
				CLANG_WARN_OBJC_ROOT_CLASS = YES_ERROR;
				CLANG_WARN_QUOTED_INCLUDE_IN_FRAMEWORK_HEADER = YES;
				CLANG_WARN_RANGE_LOOP_ANALYSIS = YES;
				CLANG_WARN_STRICT_PROTOTYPES = YES;
				CLANG_WARN_SUSPICIOUS_MOVE = YES;
				CLANG_WARN_UNGUARDED_AVAILABILITY = YES_AGGRESSIVE;
				CLANG_WARN_UNREACHABLE_CODE = YES;
				CLANG_WARN__DUPLICATE_METHOD_MATCH = YES;
				COPY_PHASE_STRIP = NO;
				DEBUG_INFORMATION_FORMAT = "dwarf-with-dsym";
				ENABLE_NS_ASSERTIONS = NO;
				ENABLE_STRICT_OBJC_MSGSEND = YES;
				ENABLE_USER_SCRIPT_SANDBOXING = YES;
				GCC_C_LANGUAGE_STANDARD = gnu17;
				GCC_NO_COMMON_BLOCKS = YES;
				GCC_WARN_64_TO_32_BIT_CONVERSION = YES;
				GCC_WARN_ABOUT_RETURN_TYPE = YES_ERROR;
				GCC_WARN_UNDECLARED_SELECTOR = YES;
				GCC_WARN_UNINITIALIZED_AUTOS = YES_AGGRESSIVE;
				GCC_WARN_UNUSED_FUNCTION = YES;
				GCC_WARN_UNUSED_VARIABLE = YES;
				IPHONEOS_DEPLOYMENT_TARGET = 17.5;
				LOCALIZATION_PREFERS_STRING_CATALOGS = YES;
				MTL_ENABLE_DEBUG_INFO = NO;
				MTL_FAST_MATH = YES;
				SDKROOT = iphoneos;
				SWIFT_COMPILATION_MODE = wholemodule;
				VALIDATE_PRODUCT = YES;
			};
			name = Release;
		};
		ACDC1F302C722DA9001E69C4 /* Debug */ = {
			isa = XCBuildConfiguration;
			buildSettings = {
				ASSETCATALOG_COMPILER_APPICON_NAME = AppIcon;
				ASSETCATALOG_COMPILER_GLOBAL_ACCENT_COLOR_NAME = AccentColor;
				CODE_SIGN_STYLE = Automatic;
				CURRENT_PROJECT_VERSION = 1;
				DEVELOPMENT_ASSET_PATHS = "\"LhamaFood/Preview Content\"";
				ENABLE_PREVIEWS = YES;
				GENERATE_INFOPLIST_FILE = YES;
				INFOPLIST_KEY_UIApplicationSceneManifest_Generation = YES;
				INFOPLIST_KEY_UIApplicationSupportsIndirectInputEvents = YES;
				INFOPLIST_KEY_UILaunchScreen_Generation = YES;
				INFOPLIST_KEY_UISupportedInterfaceOrientations_iPad = "UIInterfaceOrientationPortrait UIInterfaceOrientationPortraitUpsideDown UIInterfaceOrientationLandscapeLeft UIInterfaceOrientationLandscapeRight";
				INFOPLIST_KEY_UISupportedInterfaceOrientations_iPhone = "UIInterfaceOrientationPortrait UIInterfaceOrientationLandscapeLeft UIInterfaceOrientationLandscapeRight";
				LD_RUNPATH_SEARCH_PATHS = (
					"$(inherited)",
					"@executable_path/Frameworks",
				);
				MARKETING_VERSION = 1.0;
				PRODUCT_BUNDLE_IDENTIFIER = software.quare.LhamaFood;
				PRODUCT_NAME = "$(TARGET_NAME)";
				SWIFT_EMIT_LOC_STRINGS = YES;
				SWIFT_VERSION = 5.0;
				TARGETED_DEVICE_FAMILY = "1,2";
			};
			name = Debug;
		};
		ACDC1F312C722DA9001E69C4 /* Release */ = {
			isa = XCBuildConfiguration;
			buildSettings = {
				ASSETCATALOG_COMPILER_APPICON_NAME = AppIcon;
				ASSETCATALOG_COMPILER_GLOBAL_ACCENT_COLOR_NAME = AccentColor;
				CODE_SIGN_STYLE = Automatic;
				CURRENT_PROJECT_VERSION = 1;
				DEVELOPMENT_ASSET_PATHS = "\"LhamaFood/Preview Content\"";
				ENABLE_PREVIEWS = YES;
				GENERATE_INFOPLIST_FILE = YES;
				INFOPLIST_KEY_UIApplicationSceneManifest_Generation = YES;
				INFOPLIST_KEY_UIApplicationSupportsIndirectInputEvents = YES;
				INFOPLIST_KEY_UILaunchScreen_Generation = YES;
				INFOPLIST_KEY_UISupportedInterfaceOrientations_iPad = "UIInterfaceOrientationPortrait UIInterfaceOrientationPortraitUpsideDown UIInterfaceOrientationLandscapeLeft UIInterfaceOrientationLandscapeRight";
				INFOPLIST_KEY_UISupportedInterfaceOrientations_iPhone = "UIInterfaceOrientationPortrait UIInterfaceOrientationLandscapeLeft UIInterfaceOrientationLandscapeRight";
				LD_RUNPATH_SEARCH_PATHS = (
					"$(inherited)",
					"@executable_path/Frameworks",
				);
				MARKETING_VERSION = 1.0;
				PRODUCT_BUNDLE_IDENTIFIER = software.quare.LhamaFood;
				PRODUCT_NAME = "$(TARGET_NAME)";
				SWIFT_EMIT_LOC_STRINGS = YES;
				SWIFT_VERSION = 5.0;
				TARGETED_DEVICE_FAMILY = "1,2";
			};
			name = Release;
		};
/* End XCBuildConfiguration section */

/* Begin XCConfigurationList section */
		ACDC1F1C2C722DA8001E69C4 /* Build configuration list for PBXProject "LhamaFood" */ = {
			isa = XCConfigurationList;
			buildConfigurations = (
				ACDC1F2D2C722DA9001E69C4 /* Debug */,
				ACDC1F2E2C722DA9001E69C4 /* Release */,
			);
			defaultConfigurationIsVisible = 0;
			defaultConfigurationName = Release;
		};
		ACDC1F2F2C722DA9001E69C4 /* Build configuration list for PBXNativeTarget "LhamaFood" */ = {
			isa = XCConfigurationList;
			buildConfigurations = (
				ACDC1F302C722DA9001E69C4 /* Debug */,
				ACDC1F312C722DA9001E69C4 /* Release */,
			);
			defaultConfigurationIsVisible = 0;
			defaultConfigurationName = Release;
		};
/* End XCConfigurationList section */

/* Begin XCRemoteSwiftPackageReference section */
		ACDC1F442C728D42001E69C4 /* XCRemoteSwiftPackageReference "SwiftUI-Shimmer" */ = {
			isa = XCRemoteSwiftPackageReference;
			repositoryURL = "https://github.com/markiv/SwiftUI-Shimmer";
			requirement = {
				kind = upToNextMajorVersion;
				minimumVersion = 1.5.1;
			};
		};
/* End XCRemoteSwiftPackageReference section */

/* Begin XCSwiftPackageProductDependency section */
		ACDC1F452C728D42001E69C4 /* Shimmer */ = {
			isa = XCSwiftPackageProductDependency;
			package = ACDC1F442C728D42001E69C4 /* XCRemoteSwiftPackageReference "SwiftUI-Shimmer" */;
			productName = Shimmer;
		};
/* End XCSwiftPackageProductDependency section */
	};
	rootObject = ACDC1F192C722DA8001E69C4 /* Project object */;
}
